
Microsoft Visual Studio Solution File, Format Version 12.00
# Visual Studio Version 17
VisualStudioVersion = 17.3.32819.101
MinimumVisualStudioVersion = 10.0.40219.1
Project("{2150E333-8FDC-42A3-9474-1A3956D46DE8}") = "test", "test", "{4161BF1F-2917-4547-ABD0-54AAF9E97BC8}"
EndProject
Project("{2150E333-8FDC-42A3-9474-1A3956D46DE8}") = "src", "src", "{27B24BCD-695E-4C4D-AE4F-58F98EFFBF7A}"
EndProject
Project("{9A19103F-16F7-4668-BE54-9A1E7A4F7556}") = "Lucene.Net", "src\Lucene.Net\Lucene.Net.csproj", "{11F2E33D-0C4C-4E53-9502-5A3925A63804}"
EndProject
Project("{9A19103F-16F7-4668-BE54-9A1E7A4F7556}") = "Lucene.Net.Contrib.Spatial.NTS", "src\contrib\Lucene.Net.Contrib.Spatial.NTS\Lucene.Net.Contrib.Spatial.NTS.csproj", "{585D52D2-59D1-4E18-97A4-B8ED20C7049E}"
EndProject
Project("{9A19103F-16F7-4668-BE54-9A1E7A4F7556}") = "Lucene.Net.Contrib.FastVectorHighlighter", "src\contrib\Lucene.Net.Contrib.FastVectorHighlighter\Lucene.Net.Contrib.FastVectorHighlighter.csproj", "{C9AA1417-B9BF-4ACF-BA8C-A76BE94F88BB}"
EndProject
Project("{9A19103F-16F7-4668-BE54-9A1E7A4F7556}") = "Demo.Common", "src\demo\Demo.Common\Demo.Common.csproj", "{10867C0D-8E73-4708-8264-BB261BA19555}"
EndProject
Project("{9A19103F-16F7-4668-BE54-9A1E7A4F7556}") = "Lucene.Net.Test", "test\Lucene.Net.Test\Lucene.Net.Test.csproj", "{29937523-5652-468A-99EF-42EF60A33E7A}"
EndProject
Project("{9A19103F-16F7-4668-BE54-9A1E7A4F7556}") = "Lucene.Net.Contrib.Spatial.Tests", "test\contrib\Lucene.Net.Contrib.Spatial.Tests\Lucene.Net.Contrib.Spatial.Tests.csproj", "{62B2AC45-A502-44ED-8F2C-D796576EB257}"
EndProject
Project("{9A19103F-16F7-4668-BE54-9A1E7A4F7556}") = "Lucene.Net.Contrib.FastVectorHighlighter.Tests", "test\contrib\Lucene.Net.Contrib.FastVectorHighlighter.Tests\Lucene.Net.Contrib.FastVectorHighlighter.Tests.csproj", "{6FBAA8B0-E028-4530-94CF-B1282B24634F}"
EndProject
Global
	GlobalSection(SolutionConfigurationPlatforms) = preSolution
		Debug|Any CPU = Debug|Any CPU
		Release|Any CPU = Release|Any CPU
	EndGlobalSection
	GlobalSection(ProjectConfigurationPlatforms) = postSolution
		{11F2E33D-0C4C-4E53-9502-5A3925A63804}.Debug|Any CPU.ActiveCfg = Debug|Any CPU
		{11F2E33D-0C4C-4E53-9502-5A3925A63804}.Debug|Any CPU.Build.0 = Debug|Any CPU
		{11F2E33D-0C4C-4E53-9502-5A3925A63804}.Release|Any CPU.ActiveCfg = Release|Any CPU
		{11F2E33D-0C4C-4E53-9502-5A3925A63804}.Release|Any CPU.Build.0 = Release|Any CPU
		{585D52D2-59D1-4E18-97A4-B8ED20C7049E}.Debug|Any CPU.ActiveCfg = Debug|Any CPU
		{585D52D2-59D1-4E18-97A4-B8ED20C7049E}.Debug|Any CPU.Build.0 = Debug|Any CPU
		{585D52D2-59D1-4E18-97A4-B8ED20C7049E}.Release|Any CPU.ActiveCfg = Release|Any CPU
		{585D52D2-59D1-4E18-97A4-B8ED20C7049E}.Release|Any CPU.Build.0 = Release|Any CPU
		{C9AA1417-B9BF-4ACF-BA8C-A76BE94F88BB}.Debug|Any CPU.ActiveCfg = Debug|Any CPU
		{C9AA1417-B9BF-4ACF-BA8C-A76BE94F88BB}.Debug|Any CPU.Build.0 = Debug|Any CPU
		{C9AA1417-B9BF-4ACF-BA8C-A76BE94F88BB}.Release|Any CPU.ActiveCfg = Release|Any CPU
		{C9AA1417-B9BF-4ACF-BA8C-A76BE94F88BB}.Release|Any CPU.Build.0 = Release|Any CPU
		{10867C0D-8E73-4708-8264-BB261BA19555}.Debug|Any CPU.ActiveCfg = Debug|Any CPU
		{10867C0D-8E73-4708-8264-BB261BA19555}.Debug|Any CPU.Build.0 = Debug|Any CPU
		{10867C0D-8E73-4708-8264-BB261BA19555}.Release|Any CPU.ActiveCfg = Release|Any CPU
		{10867C0D-8E73-4708-8264-BB261BA19555}.Release|Any CPU.Build.0 = Release|Any CPU
		{29937523-5652-468A-99EF-42EF60A33E7A}.Debug|Any CPU.ActiveCfg = Debug|Any CPU
		{29937523-5652-468A-99EF-42EF60A33E7A}.Debug|Any CPU.Build.0 = Debug|Any CPU
		{29937523-5652-468A-99EF-42EF60A33E7A}.Release|Any CPU.ActiveCfg = Release|Any CPU
		{29937523-5652-468A-99EF-42EF60A33E7A}.Release|Any CPU.Build.0 = Release|Any CPU
		{62B2AC45-A502-44ED-8F2C-D796576EB257}.Debug|Any CPU.ActiveCfg = Debug|Any CPU
		{62B2AC45-A502-44ED-8F2C-D796576EB257}.Debug|Any CPU.Build.0 = Debug|Any CPU
		{62B2AC45-A502-44ED-8F2C-D796576EB257}.Release|Any CPU.ActiveCfg = Release|Any CPU
		{62B2AC45-A502-44ED-8F2C-D796576EB257}.Release|Any CPU.Build.0 = Release|Any CPU
		{6FBAA8B0-E028-4530-94CF-B1282B24634F}.Debug|Any CPU.ActiveCfg = Debug|Any CPU
		{6FBAA8B0-E028-4530-94CF-B1282B24634F}.Debug|Any CPU.Build.0 = Debug|Any CPU
		{6FBAA8B0-E028-4530-94CF-B1282B24634F}.Release|Any CPU.ActiveCfg = Release|Any CPU
		{6FBAA8B0-E028-4530-94CF-B1282B24634F}.Release|Any CPU.Build.0 = Release|Any CPU
	EndGlobalSection
	GlobalSection(SolutionProperties) = preSolution
		HideSolutionNode = FALSE
	EndGlobalSection
	GlobalSection(NestedProjects) = preSolution
		{11F2E33D-0C4C-4E53-9502-5A3925A63804} = {27B24BCD-695E-4C4D-AE4F-58F98EFFBF7A}
		{585D52D2-59D1-4E18-97A4-B8ED20C7049E} = {27B24BCD-695E-4C4D-AE4F-58F98EFFBF7A}
		{C9AA1417-B9BF-4ACF-BA8C-A76BE94F88BB} = {27B24BCD-695E-4C4D-AE4F-58F98EFFBF7A}
		{10867C0D-8E73-4708-8264-BB261BA19555} = {4161BF1F-2917-4547-ABD0-54AAF9E97BC8}
		{29937523-5652-468A-99EF-42EF60A33E7A} = {4161BF1F-2917-4547-ABD0-54AAF9E97BC8}
		{62B2AC45-A502-44ED-8F2C-D796576EB257} = {4161BF1F-2917-4547-ABD0-54AAF9E97BC8}
		{6FBAA8B0-E028-4530-94CF-B1282B24634F} = {4161BF1F-2917-4547-ABD0-54AAF9E97BC8}
	EndGlobalSection
	GlobalSection(ExtensibilityGlobals) = postSolution
		SolutionGuid = {4484C268-4C8C-4D9F-81D2-BEB4763C5EB6}
	EndGlobalSection
	GlobalSection(CodealikeProperties) = postSolution
		SolutionGuid = 4dcfcd57-d236-49fc-b446-d90cef07526a
	EndGlobalSection
EndGlobal
